
Microsoft Visual Studio Solution File, Format Version 12.00
# Visual Studio Version 17
VisualStudioVersion = 17.10.35122.118
MinimumVisualStudioVersion = 10.0.40219.1
Project("{9A19103F-16F7-4668-BE54-9A1E7A4F7556}") = "TodoList.Client", "TodoList.Client\TodoList.Client.csproj", "{A2FF587C-23E0-4D4C-8FDE-8D46A74E25DF}"
EndProject
Project("{FAE04EC0-301F-11D3-BF4B-00C04F79EFBC}") = "TodoList.Server", "TodoList.Server\TodoList.Server.csproj", "{1499CEE6-6245-455F-A46F-E78970B2DFA3}"
EndProject
Global
	GlobalSection(SolutionConfigurationPlatforms) = preSolution
		Debug|Any CPU = Debug|Any CPU
		Release|Any CPU = Release|Any CPU
	EndGlobalSection
	GlobalSection(ProjectConfigurationPlatforms) = postSolution
		{A2FF587C-23E0-4D4C-8FDE-8D46A74E25DF}.Debug|Any CPU.ActiveCfg = Debug|Any CPU
		{A2FF587C-23E0-4D4C-8FDE-8D46A74E25DF}.Debug|Any CPU.Build.0 = Debug|Any CPU
		{A2FF587C-23E0-4D4C-8FDE-8D46A74E25DF}.Release|Any CPU.ActiveCfg = Release|Any CPU
		{A2FF587C-23E0-4D4C-8FDE-8D46A74E25DF}.Release|Any CPU.Build.0 = Release|Any CPU
		{1499CEE6-6245-455F-A46F-E78970B2DFA3}.Debug|Any CPU.ActiveCfg = Debug|Any CPU
		{1499CEE6-6245-455F-A46F-E78970B2DFA3}.Debug|Any CPU.Build.0 = Debug|Any CPU
		{1499CEE6-6245-455F-A46F-E78970B2DFA3}.Release|Any CPU.ActiveCfg = Release|Any CPU
		{1499CEE6-6245-455F-A46F-E78970B2DFA3}.Release|Any CPU.Build.0 = Release|Any CPU
	EndGlobalSection
	GlobalSection(SolutionProperties) = preSolution
		HideSolutionNode = FALSE
	EndGlobalSection
	GlobalSection(ExtensibilityGlobals) = postSolution
		SolutionGuid = {54DA378B-0E04-404A-BB95-01DEAC4029D3}
	EndGlobalSection
EndGlobal
